schema: '2.0'
stages:
  load:
    cmd: python src/load.py
    deps:
    - path: data/raw/motor_current_signals.pkl
      md5: 139a4d56c1b4d5deaba4911b1693b6aa
      size: 60481185
    - path: src/load.py
      md5: a4fdec4276a6abf125fe8d92245539d4
      size: 338
    - path: src/utils/data/load.py
      md5: 2df09fb19d9c67454a300299075ea11c
      size: 1511
    - path: src/utils/data/write.py
      md5: 4bd72a31fcd1d7d20034c4912683c53b
      size: 1921
    params:
      params.yaml:
        load.decimation_factor: 2
        load.moving_average_win_size: 1
    outs:
    - path: data/interim/processed_signal.pkl
      md5: e032711322b5ea0953b234c1d5491c80
      size: 192168
  detrend:
    cmd: python src/detrend.py
    deps:
    - path: data/interim/processed_signal.pkl
      md5: e032711322b5ea0953b234c1d5491c80
      size: 192168
    - path: src/detrend.py
      md5: 52e1328cd2a3a40a274c0528d69f377a
      size: 346
    - path: src/utils/data/write.py
      md5: ef5ea4ff6ead710be4085025dc001250
      size: 1286
    - path: src/utils/models/trend.py
      md5: bac8217fc79564aa9af82c3b05ef5185
      size: 980
    outs:
    - path: data/interim/detrended_signal.pkl
      md5: 5c95fa71c750e0e3501f04e5b604f744
      size: 192168
  decompose:
    cmd: python src/decompose.py
    deps:
    - path: data/interim/processed_signal.pkl
      md5: e032711322b5ea0953b234c1d5491c80
      size: 192168
    - path: src/decompose.py
      md5: 8ddc9a62cf10089db0a76c828726e39a
      size: 804
    - path: src/utils/data/write.py
      md5: 4bd72a31fcd1d7d20034c4912683c53b
      size: 1921
    - path: src/utils/decomposition/decomposition.py
      md5: 2cc4e87c108cc9642463933a3bc789a6
      size: 1254
    - path: src/utils/models/seasonality.py
      md5: db8afb65379f832fb9a2d9625d7f5662
      size: 3163
    - path: src/utils/models/trend.py
      md5: bac8217fc79564aa9af82c3b05ef5185
      size: 980
    outs:
    - path: data/decomposed/residual.pkl
      md5: 249afa79a538b44a94d44b23d6dd8c9e
      size: 192168
    - path: data/decomposed/seasonal_pattern.pkl
      md5: 25cd2cc22ab08fb690e40c5427af0c2e
      size: 192168
    - path: data/decomposed/trend.pkl
      md5: da81c124421950348ceb2f4325182dc1
      size: 192168
    - path: plots/decomposition.png
      md5: e278ccf5f506dded4567f831c30da404
      size: 144538
    - path: plots/seasonal_pattern.png
      md5: 80c5ac1f28ece2bcc06b03cdb7cdbc73
      size: 215790
  analyze_autocorrelation:
    cmd: python src/analyze_autocorrelation.py
    deps:
    - path: data/decomposed/residual.pkl
      md5: 249afa79a538b44a94d44b23d6dd8c9e
      size: 192168
    - path: data/interim/processed_signal.pkl
      md5: e032711322b5ea0953b234c1d5491c80
      size: 192168
    - path: src/analyze_autocorrelation.py
      md5: d2b94d3cb447a839aff3197de2f643c3
      size: 302
    - path: src/utils/signals/correlation.py
      md5: fa7f0abc575137391ae3276f5a46ac11
      size: 3652
  analyze_decomposition_residuals:
    cmd: python src/analyze_decomposition_residuals.py
    deps:
    - path: data/decomposed/residual.pkl
      md5: 249afa79a538b44a94d44b23d6dd8c9e
      size: 192168
    - path: data/interim/processed_signal.pkl
      md5: e032711322b5ea0953b234c1d5491c80
      size: 192168
    - path: src/analyze_decomposition_residuals.py
      md5: 2d1ae99c2ed3dce68a2ef30e1741e2b2
      size: 1120
    - path: src/utils/signals/correlation.py
      md5: 4bcb47448d2ceb8ea150e48e49ea0562
      size: 3656
    - path: src/utils/visual/correlation.py
      md5: f61b8c27db3da34594f59320984eac61
      size: 652
    outs:
    - path: plots/complete_residual_autocorrelation.png
      md5: dab1cee6c06b4fce980f2c68aaa5edc6
      size: 55008
    - path: plots/residual_autocorrelation.png
      md5: 0a1ba704e2a37af000cb7a65db6c8df9
      size: 51871
  model_residuals:
    cmd: python src/model_residuals.py
